github.com/BurntSushi/toml v1.6.0 h1:dRaEfpa2VI55EwlIW72hMRHdWouJeRF7TPYhI+AUQjk=
github.com/BurntSushi/toml v1.6.0/go.mod h1:ukJfTF/6rtPPRCnwkur4qwRxa8vTRFBF0uk2lLoLwho=
github.com/antlr4-go/antlr/v4 v4.13.0 h1:lxCg3LAv+EUK6t1i0y1V6/SLeUi0eKEKdhQAlS8TVTI=
github.com/antlr4-go/antlr/v4 v4.13.0/go.mod h1:pfChB/xh/Unjila75QW7+VU4TSnWnnk9UTnmpPaOR2g=
github.com/blang/semver v3.5.1+incompatible h1:cQNTCjp13qL8KC3Nbxr/y2Bqb63oX6wdnnjpJbkM4JQ=
github.com/blang/semver v3.5.1+incompatible/go.mod h1:kRBLl5iJ+tD4TcOOxsy/0fnwebNt5EWlYSAyrTnjyyk=
github.com/coreos/go-oidc/v3 v3.21.0 h1:wZo4Q9Pum8dYEj0eMUPrqR+kvuGkeUplbLpNCkBqoWM=
github.com/coreos/go-oidc/v3 v3.21.0/go.mod h1:DYCf24+ncYi+XkIH97GY1+dqoRlbaSI26KVTCI9SrY4=
github.com/diegoholiveira/jsonlogic/v3 v3.10.1 h1:LfEloCfkty+LOkYbLRTw7FrrQGqX+BYuKtPqizmoQ7k=
github.com/diegoholiveira/jsonlogic/v3 v3.10.1/go.mod h1:mJcE63oWAS86KovXNXxyiBvJk8bvOaeGG7psnkzn9ms=
github.com/go-jose/go-jose/v4 v4.1.4 h1:moDMcTHmvE6Groj34emNPLs/qtYXRVcd6S7NHbHz3kA=
github.com/go-jose/go-jose/v4 v4.1.4/go.mod h1:x4oUasVrzR7071A4TnHLGSPpNOm2a21K9Kf04k1rs08=
github.com/go-jose/go-jose/v4 v4.1.5 h1:RjgjO2LOtWOJKUC5wpwY9LR3B3vwVAz6JS2YHfYU6eA=
github.com/go-jose/go-jose/v4 v4.1.5/go.mod h1:x4oUasVrzR7071A4TnHLGSPpNOm2a21K9Kf04k1rs08=
github.com/google/go-cmp v0.7.0 h1:wk8382ETsv4JYUZwIsn6YpYiWiBsYLSJiTsyBybVuN8=
github.com/google/go-cmp v0.7.0/go.mod h1:pXiqmnSA92OHEEa9HXL2W4E7lf9JzCmGVUdgjX3N/iU=
github.com/google/uuid v1.6.0 h1:NIvaJDMOsjHA8n1jAhLSgzrAzy1Hgr+hNrb57e+94F0=
github.com/google/uuid v1.6.0/go.mod h1:TIyPZe4MgqvfeYDBFedMoGGpEw/LqOeaOT+nhxU+yHo=
github.com/nikunjy/rules v1.5.0 h1:KJDSLOsFhwt7kcXUyZqwkgrQg5YoUwj+TVu6ItCQShw=
github.com/nikunjy/rules v1.5.0/go.mod h1:TlZtZdBChrkqi8Lr2AXocme8Z7EsbxtFdDoKeI6neBQ=
github.com/open-feature/go-sdk v1.18.0 h1:+Ge8LAJjqDwQBqAWaWiTbnsiJ22d5SPQq7/hOiBwpqM=
github.com/open-feature/go-sdk v1.18.0/go.mod h1:LOlB7jvyi3hz9mp7R2uIwCv+wcabCB4ir76AZJ1z2IQ=
github.com/open-feature/go-sdk-contrib/providers/go-feature-flag-in-process v0.1.3 h1:DRX7EfwtUrh4LiccU0tIVU466TwSzKPlLXl5UU8Sttk=
github.com/open-feature/go-sdk-contrib/providers/go-feature-flag-in-process v0.1.3/go.mod h1:OdihJTrh2N82kqEBjUhX8k3qoegwHHyJgHbJ6503Sgg=
github.com/thomaspoignant/go-feature-flag v1.55.3 h1:yU4ar6SKeJnf+pKurAjG7JURb9Oxfe3LEa//ImQfkB8=
github.com/thomaspoignant/go-feature-flag v1.55.3/go.mod h1:D3VGkuWsfk+J3lgUlDYBRM1D/f4uuSAP4bYXIS90mhs=
github.com/thomaspoignant/go-feature-flag/modules/core v0.7.2 h1:XHESq+gDYiQxBsw7JWGKXS7N2Pbnz91PcrIVb23s2Ss=
github.com/thomaspoignant/go-feature-flag/modules/core v0.7.2/go.mod h1:QvY8vxq4KXB3ss9np6nOSk1cOX6b7l/96cBzxpzg1Zk=
golang.org/x/exp v0.0.0-20240719175910-8a7402abbf56 h1:2dVuKD2vS7b0QIHQbpyTISPd0LeHDbnYEryqj5Q1ug8=
golang.org/x/exp v0.0.0-20240719175910-8a7402abbf56/go.mod h1:M4RDyNAINzryxdtnbRXRL/OHtkFuWGRjvuhBJpk2IlY=
golang.org/x/oauth2 v0.37.0 h1:JUlcxA8oAtauLfiH8FX2/FkAWHAdi0QtGCGc+hofE98=
golang.org/x/oauth2 v0.37.0/go.mod h1:IxwZNxUULJmpBFf9K/9NTMSIfZZuvuTy1gGxhigP/58=
gopkg.in/check.v1 v0.0.0-20161208181325-20d25e280405/go.mod h1:Co6ibVJAznAaIkqp8huTwlJQCZ016jof/cbN4VW5Yz0=
gopkg.in/yaml.v3 v3.0.1 h1:fxVm/GzAzEWqLHuvctI91KS9hhNmmWOoWu0XTYJS7CA=
gopkg.in/yaml.v3 v3.0.1/go.mod h1:K4uyk7z7BCEPqu6E+C64Yfv1cQ7kz7rIZviUmN+EgEM=
